
Microsoft Visual Studio Solution File, Format Version 12.00
# Visual Studio 15
Project("{FAE04EC0-301F-11D3-BF4B-00C04F79EFBC}") = "Assembly-CSharp", "Assembly-CSharp.csproj", "{30A364F4-2A29-D2B3-EABE-170CFBEF97D6}"
EndProject
Project("{FAE04EC0-301F-11D3-BF4B-00C04F79EFBC}") = "Assembly-CSharp-Editor", "Assembly-CSharp-Editor.csproj", "{8D7F07DF-A425-54C9-E4EB-32FA09D8D82A}"
EndProject
Global
	GlobalSection(SolutionConfigurationPlatforms) = preSolution
		Debug|Any CPU = Debug|Any CPU
		Release|Any CPU = Release|Any CPU
	EndGlobalSection
	GlobalSection(ProjectConfigurationPlatforms) = postSolution
		{30A364F4-2A29-D2B3-EABE-170CFBEF97D6}.Debug|Any CPU.ActiveCfg = Debug|Any CPU
		{30A364F4-2A29-D2B3-EABE-170CFBEF97D6}.Debug|Any CPU.Build.0 = Debug|Any CPU
		{30A364F4-2A29-D2B3-EABE-170CFBEF97D6}.Release|Any CPU.ActiveCfg = Release|Any CPU
		{30A364F4-2A29-D2B3-EABE-170CFBEF97D6}.Release|Any CPU.Build.0 = Release|Any CPU
		{8D7F07DF-A425-54C9-E4EB-32FA09D8D82A}.Debug|Any CPU.ActiveCfg = Debug|Any CPU
		{8D7F07DF-A425-54C9-E4EB-32FA09D8D82A}.Debug|Any CPU.Build.0 = Debug|Any CPU
		{8D7F07DF-A425-54C9-E4EB-32FA09D8D82A}.Release|Any CPU.ActiveCfg = Release|Any CPU
		{8D7F07DF-A425-54C9-E4EB-32FA09D8D82A}.Release|Any CPU.Build.0 = Release|Any CPU
	EndGlobalSection
	GlobalSection(SolutionProperties) = preSolution
		HideSolutionNode = FALSE
	EndGlobalSection
EndGlobal
